
Microsoft Visual Studio Solution File, Format Version 12.00
# Visual Studio 2013
VisualStudioVersion = 12.0.21005.1
MinimumVisualStudioVersion = 10.0.40219.1
Project("{FAE04EC0-301F-11D3-BF4B-00C04F79EFBC}") = "Spiral", "Spiral\Spiral.csproj", "{C00FE2A7-C65B-43E1-8E43-81F3DA39A873}"
EndProject
Project("{FAE04EC0-301F-11D3-BF4B-00C04F79EFBC}") = "SpiralTest", "SpiralTest\SpiralTest.csproj", "{C5152F1D-CF68-4443-8363-FCD8329E85C2}"
EndProject
Global
	GlobalSection(SolutionConfigurationPlatforms) = preSolution
		Debug|Any CPU = Debug|Any CPU
		Release|Any CPU = Release|Any CPU
	EndGlobalSection
	GlobalSection(ProjectConfigurationPlatforms) = postSolution
		{C00FE2A7-C65B-43E1-8E43-81F3DA39A873}.Debug|Any CPU.ActiveCfg = Debug|Any CPU
		{C00FE2A7-C65B-43E1-8E43-81F3DA39A873}.Debug|Any CPU.Build.0 = Debug|Any CPU
		{C00FE2A7-C65B-43E1-8E43-81F3DA39A873}.Release|Any CPU.ActiveCfg = Release|Any CPU
		{C00FE2A7-C65B-43E1-8E43-81F3DA39A873}.Release|Any CPU.Build.0 = Release|Any CPU
		{C5152F1D-CF68-4443-8363-FCD8329E85C2}.Debug|Any CPU.ActiveCfg = Debug|Any CPU
		{C5152F1D-CF68-4443-8363-FCD8329E85C2}.Debug|Any CPU.Build.0 = Debug|Any CPU
		{C5152F1D-CF68-4443-8363-FCD8329E85C2}.Release|Any CPU.ActiveCfg = Release|Any CPU
		{C5152F1D-CF68-4443-8363-FCD8329E85C2}.Release|Any CPU.Build.0 = Release|Any CPU
	EndGlobalSection
	GlobalSection(SolutionProperties) = preSolution
		HideSolutionNode = FALSE
	EndGlobalSection
EndGlobal
